
Microsoft Visual Studio Solution File, Format Version 12.00
# Visual Studio Version 17
VisualStudioVersion = 17.14.36127.28 d17.14
MinimumVisualStudioVersion = 10.0.40219.1
Project("{FAE04EC0-301F-11D3-BF4B-00C04F79EFBC}") = "1-1", "1-1\1-1.csproj", "{3FBF3F86-A5AB-4D32-ACCE-224173EB3101}"
EndProject
Global
	GlobalSection(SolutionConfigurationPlatforms) = preSolution
		Debug|Any CPU = Debug|Any CPU
		Release|Any CPU = Release|Any CPU
	EndGlobalSection
	GlobalSection(ProjectConfigurationPlatforms) = postSolution
		{3FBF3F86-A5AB-4D32-ACCE-224173EB3101}.Debug|Any CPU.ActiveCfg = Debug|Any CPU
		{3FBF3F86-A5AB-4D32-ACCE-224173EB3101}.Debug|Any CPU.Build.0 = Debug|Any CPU
		{3FBF3F86-A5AB-4D32-ACCE-224173EB3101}.Release|Any CPU.ActiveCfg = Release|Any CPU
		{3FBF3F86-A5AB-4D32-ACCE-224173EB3101}.Release|Any CPU.Build.0 = Release|Any CPU
	EndGlobalSection
	GlobalSection(SolutionProperties) = preSolution
		HideSolutionNode = FALSE
	EndGlobalSection
	GlobalSection(ExtensibilityGlobals) = postSolution
		SolutionGuid = {037C18E0-ECC9-471A-A6A8-14DDEAEAE277}
	EndGlobalSection
EndGlobal
