
Microsoft Visual Studio Solution File, Format Version 12.00
# Visual Studio Version 17
VisualStudioVersion = 17.14.36127.28 d17.14
MinimumVisualStudioVersion = 10.0.40219.1
Project("{FAE04EC0-301F-11D3-BF4B-00C04F79EFBC}") = "КДЗ 5(боевка)", "КДЗ 5(боевка)\КДЗ 5(боевка).csproj", "{1CDF4A52-356E-4E14-B984-CCF0939AF8DD}"
EndProject
Global
	GlobalSection(SolutionConfigurationPlatforms) = preSolution
		Debug|Any CPU = Debug|Any CPU
		Release|Any CPU = Release|Any CPU
	EndGlobalSection
	GlobalSection(ProjectConfigurationPlatforms) = postSolution
		{1CDF4A52-356E-4E14-B984-CCF0939AF8DD}.Debug|Any CPU.ActiveCfg = Debug|Any CPU
		{1CDF4A52-356E-4E14-B984-CCF0939AF8DD}.Debug|Any CPU.Build.0 = Debug|Any CPU
		{1CDF4A52-356E-4E14-B984-CCF0939AF8DD}.Release|Any CPU.ActiveCfg = Release|Any CPU
		{1CDF4A52-356E-4E14-B984-CCF0939AF8DD}.Release|Any CPU.Build.0 = Release|Any CPU
	EndGlobalSection
	GlobalSection(SolutionProperties) = preSolution
		HideSolutionNode = FALSE
	EndGlobalSection
	GlobalSection(ExtensibilityGlobals) = postSolution
		SolutionGuid = {599A2AE2-0BA2-4217-971C-942073001882}
	EndGlobalSection
EndGlobal
